
Microsoft Visual Studio Solution File, Format Version 12.00
# Visual Studio Version 16
VisualStudioVersion = 16.0.31624.102
MinimumVisualStudioVersion = 10.0.40219.1
Project("{FAE04EC0-301F-11D3-BF4B-00C04F79EFBC}") = "FeatureToggleImplementation", "FeatureToggleImplementation\FeatureToggleImplementation.csproj", "{7E71BF18-D4C6-48FF-A6EE-FE704D21F543}"
EndProject
Global
	GlobalSection(SolutionConfigurationPlatforms) = preSolution
		Debug|Any CPU = Debug|Any CPU
		Release|Any CPU = Release|Any CPU
	EndGlobalSection
	GlobalSection(ProjectConfigurationPlatforms) = postSolution
		{7E71BF18-D4C6-48FF-A6EE-FE704D21F543}.Debug|Any CPU.ActiveCfg = Debug|Any CPU
		{7E71BF18-D4C6-48FF-A6EE-FE704D21F543}.Debug|Any CPU.Build.0 = Debug|Any CPU
		{7E71BF18-D4C6-48FF-A6EE-FE704D21F543}.Release|Any CPU.ActiveCfg = Release|Any CPU
		{7E71BF18-D4C6-48FF-A6EE-FE704D21F543}.Release|Any CPU.Build.0 = Release|Any CPU
	EndGlobalSection
	GlobalSection(SolutionProperties) = preSolution
		HideSolutionNode = FALSE
	EndGlobalSection
	GlobalSection(ExtensibilityGlobals) = postSolution
		SolutionGuid = {23A458E5-F785-4B99-80A0-8C114BD07F72}
	EndGlobalSection
EndGlobal
